
Microsoft Visual Studio Solution File, Format Version 12.00
# Visual Studio Version 16
VisualStudioVersion = 16.0.31321.278
MinimumVisualStudioVersion = 10.0.40219.1
Project("{9A19103F-16F7-4668-BE54-9A1E7A4F7556}") = "RavnRazorChallenge", "RavnRazorChallenge\RavnRazorChallenge.csproj", "{A00F33C4-FED5-4A68-A8AF-DCA4ADF27B0D}"
EndProject
Global
	GlobalSection(SolutionConfigurationPlatforms) = preSolution
		Debug|Any CPU = Debug|Any CPU
		Release|Any CPU = Release|Any CPU
	EndGlobalSection
	GlobalSection(ProjectConfigurationPlatforms) = postSolution
		{A00F33C4-FED5-4A68-A8AF-DCA4ADF27B0D}.Debug|Any CPU.ActiveCfg = Debug|Any CPU
		{A00F33C4-FED5-4A68-A8AF-DCA4ADF27B0D}.Debug|Any CPU.Build.0 = Debug|Any CPU
		{A00F33C4-FED5-4A68-A8AF-DCA4ADF27B0D}.Release|Any CPU.ActiveCfg = Release|Any CPU
		{A00F33C4-FED5-4A68-A8AF-DCA4ADF27B0D}.Release|Any CPU.Build.0 = Release|Any CPU
	EndGlobalSection
	GlobalSection(SolutionProperties) = preSolution
		HideSolutionNode = FALSE
	EndGlobalSection
	GlobalSection(ExtensibilityGlobals) = postSolution
		SolutionGuid = {B890F494-7A8A-4BC2-BCBA-D6B0D880C3FC}
	EndGlobalSection
EndGlobal
